// !$*UTF8*$!
{
	archiveVersion = 1;
	classes = {
	};
	objectVersion = 56;
	objects = {

/* Begin PBXBuildFile section */
		88256A612B73F1D4004006B7 /* pokedexSwiftApp.swift in Sources */ = {isa = PBXBuildFile; fileRef = 88256A602B73F1D4004006B7 /* pokedexSwiftApp.swift */; };
		88256A632B73F1D4004006B7 /* ContentView.swift in Sources */ = {isa = PBXBuildFile; fileRef = 88256A622B73F1D4004006B7 /* ContentView.swift */; };
		88256A652B73F1D8004006B7 /* Assets.xcassets in Resources */ = {isa = PBXBuildFile; fileRef = 88256A642B73F1D8004006B7 /* Assets.xcassets */; };
		88256A682B73F1D8004006B7 /* Preview Assets.xcassets in Resources */ = {isa = PBXBuildFile; fileRef = 88256A672B73F1D8004006B7 /* Preview Assets.xcassets */; };
		88256A722B73F1D9004006B7 /* pokedexSwiftTests.swift in Sources */ = {isa = PBXBuildFile; fileRef = 88256A712B73F1D9004006B7 /* pokedexSwiftTests.swift */; };
		88256A7C2B73F1D9004006B7 /* pokedexSwiftUITests.swift in Sources */ = {isa = PBXBuildFile; fileRef = 88256A7B2B73F1D9004006B7 /* pokedexSwiftUITests.swift */; };
		88256A7E2B73F1D9004006B7 /* pokedexSwiftUITestsLaunchTests.swift in Sources */ = {isa = PBXBuildFile; fileRef = 88256A7D2B73F1D9004006B7 /* pokedexSwiftUITestsLaunchTests.swift */; };
/* End PBXBuildFile section */

/* Begin PBXContainerItemProxy section */
		88256A6E2B73F1D9004006B7 /* PBXContainerItemProxy */ = {
			isa = PBXContainerItemProxy;
			containerPortal = 88256A552B73F1D4004006B7 /* Project object */;
			proxyType = 1;
			remoteGlobalIDString = 88256A5C2B73F1D4004006B7;
			remoteInfo = pokedexSwift;
		};
		88256A782B73F1D9004006B7 /* PBXContainerItemProxy */ = {
			isa = PBXContainerItemProxy;
			containerPortal = 88256A552B73F1D4004006B7 /* Project object */;
			proxyType = 1;
			remoteGlobalIDString = 88256A5C2B73F1D4004006B7;
			remoteInfo = pokedexSwift;
		};
/* End PBXContainerItemProxy section */

/* Begin PBXFileReference section */
		88256A5D2B73F1D4004006B7 /* pokedexSwift.app */ = {isa = PBXFileReference; explicitFileType = wrapper.application; includeInIndex = 0; path = pokedexSwift.app; sourceTree = BUILT_PRODUCTS_DIR; };
		88256A602B73F1D4004006B7 /* pokedexSwiftApp.swift */ = {isa = PBXFileReference; lastKnownFileType = sourcecode.swift; path = pokedexSwiftApp.swift; sourceTree = "<group>"; };
		88256A622B73F1D4004006B7 /* ContentView.swift */ = {isa = PBXFileReference; lastKnownFileType = sourcecode.swift; path = ContentView.swift; sourceTree = "<group>"; };
		88256A642B73F1D8004006B7 /* Assets.xcassets */ = {isa = PBXFileReference; lastKnownFileType = folder.assetcatalog; path = Assets.xcassets; sourceTree = "<group>"; };
		88256A672B73F1D8004006B7 /* Preview Assets.xcassets */ = {isa = PBXFileReference; lastKnownFileType = folder.assetcatalog; path = "Preview Assets.xcassets"; sourceTree = "<group>"; };
		88256A6D2B73F1D9004006B7 /* pokedexSwiftTests.xctest */ = {isa = PBXFileReference; explicitFileType = wrapper.cfbundle; includeInIndex = 0; path = pokedexSwiftTests.xctest; sourceTree = BUILT_PRODUCTS_DIR; };
		88256A712B73F1D9004006B7 /* pokedexSwiftTests.swift */ = {isa = PBXFileReference; lastKnownFileType = sourcecode.swift; path = pokedexSwiftTests.swift; sourceTree = "<group>"; };
		88256A772B73F1D9004006B7 /* pokedexSwiftUITests.xctest */ = {isa = PBXFileReference; explicitFileType = wrapper.cfbundle; includeInIndex = 0; path = pokedexSwiftUITests.xctest; sourceTree = BUILT_PRODUCTS_DIR; };
		88256A7B2B73F1D9004006B7 /* pokedexSwiftUITests.swift */ = {isa = PBXFileReference; lastKnownFileType = sourcecode.swift; path = pokedexSwiftUITests.swift; sourceTree = "<group>"; };
		88256A7D2B73F1D9004006B7 /* pokedexSwiftUITestsLaunchTests.swift */ = {isa = PBXFileReference; lastKnownFileType = sourcecode.swift; path = pokedexSwiftUITestsLaunchTests.swift; sourceTree = "<group>"; };
/* End PBXFileReference section */

/* Begin PBXFrameworksBuildPhase section */
		88256A5A2B73F1D4004006B7 /* Frameworks */ = {
			isa = PBXFrameworksBuildPhase;
			buildActionMask = 2147483647;
			files = (
			);
			runOnlyForDeploymentPostprocessing = 0;
		};
		88256A6A2B73F1D9004006B7 /* Frameworks */ = {
			isa = PBXFrameworksBuildPhase;
			buildActionMask = 2147483647;
			files = (
			);
			runOnlyForDeploymentPostprocessing = 0;
		};
		88256A742B73F1D9004006B7 /* Frameworks */ = {
			isa = PBXFrameworksBuildPhase;
			buildActionMask = 2147483647;
			files = (
			);
			runOnlyForDeploymentPostprocessing = 0;
		};
/* End PBXFrameworksBuildPhase section */

/* Begin PBXGroup section */
		88256A542B73F1D4004006B7 = {
			isa = PBXGroup;
			children = (
				88256A5F2B73F1D4004006B7 /* pokedexSwift */,
				88256A702B73F1D9004006B7 /* pokedexSwiftTests */,
				88256A7A2B73F1D9004006B7 /* pokedexSwiftUITests */,
				88256A5E2B73F1D4004006B7 /* Products */,
			);
			sourceTree = "<group>";
		};
		88256A5E2B73F1D4004006B7 /* Products */ = {
			isa = PBXGroup;
			children = (
				88256A5D2B73F1D4004006B7 /* pokedexSwift.app */,
				88256A6D2B73F1D9004006B7 /* pokedexSwiftTests.xctest */,
				88256A772B73F1D9004006B7 /* pokedexSwiftUITests.xctest */,
			);
			name = Products;
			sourceTree = "<group>";
		};
		88256A5F2B73F1D4004006B7 /* pokedexSwift */ = {
			isa = PBXGroup;
			children = (
				88256A602B73F1D4004006B7 /* pokedexSwiftApp.swift */,
				88256A622B73F1D4004006B7 /* ContentView.swift */,
				88256A642B73F1D8004006B7 /* Assets.xcassets */,
				88256A662B73F1D8004006B7 /* Preview Content */,
			);
			path = pokedexSwift;
			sourceTree = "<group>";
		};
		88256A662B73F1D8004006B7 /* Preview Content */ = {
			isa = PBXGroup;
			children = (
				88256A672B73F1D8004006B7 /* Preview Assets.xcassets */,
			);
			path = "Preview Content";
			sourceTree = "<group>";
		};
		88256A702B73F1D9004006B7 /* pokedexSwiftTests */ = {
			isa = PBXGroup;
			children = (
				88256A712B73F1D9004006B7 /* pokedexSwiftTests.swift */,
			);
			path = pokedexSwiftTests;
			sourceTree = "<group>";
		};
		88256A7A2B73F1D9004006B7 /* pokedexSwiftUITests */ = {
			isa = PBXGroup;
			children = (
				88256A7B2B73F1D9004006B7 /* pokedexSwiftUITests.swift */,
				88256A7D2B73F1D9004006B7 /* pokedexSwiftUITestsLaunchTests.swift */,
			);
			path = pokedexSwiftUITests;
			sourceTree = "<group>";
		};
/* End PBXGroup section */

/* Begin PBXNativeTarget section */
		88256A5C2B73F1D4004006B7 /* pokedexSwift */ = {
			isa = PBXNativeTarget;
			buildConfigurationList = 88256A812B73F1D9004006B7 /* Build configuration list for PBXNativeTarget "pokedexSwift" */;
			buildPhases = (
				88256A592B73F1D4004006B7 /* Sources */,
				88256A5A2B73F1D4004006B7 /* Frameworks */,
				88256A5B2B73F1D4004006B7 /* Resources */,
			);
			buildRules = (
			);
			dependencies = (
			);
			name = pokedexSwift;
			productName = pokedexSwift;
			productReference = 88256A5D2B73F1D4004006B7 /* pokedexSwift.app */;
			productType = "com.apple.product-type.application";
		};
		88256A6C2B73F1D9004006B7 /* pokedexSwiftTests */ = {
			isa = PBXNativeTarget;
			buildConfigurationList = 88256A842B73F1D9004006B7 /* Build configuration list for PBXNativeTarget "pokedexSwiftTests" */;
			buildPhases = (
				88256A692B73F1D9004006B7 /* Sources */,
				88256A6A2B73F1D9004006B7 /* Frameworks */,
				88256A6B2B73F1D9004006B7 /* Resources */,
			);
			buildRules = (
			);
			dependencies = (
				88256A6F2B73F1D9004006B7 /* PBXTargetDependency */,
			);
			name = pokedexSwiftTests;
			productName = pokedexSwiftTests;
			productReference = 88256A6D2B73F1D9004006B7 /* pokedexSwiftTests.xctest */;
			productType = "com.apple.product-type.bundle.unit-test";
		};
		88256A762B73F1D9004006B7 /* pokedexSwiftUITests */ = {
			isa = PBXNativeTarget;
			buildConfigurationList = 88256A872B73F1D9004006B7 /* Build configuration list for PBXNativeTarget "pokedexSwiftUITests" */;
			buildPhases = (
				88256A732B73F1D9004006B7 /* Sources */,
				88256A742B73F1D9004006B7 /* Frameworks */,
				88256A752B73F1D9004006B7 /* Resources */,
			);
			buildRules = (
			);
			dependencies = (
				88256A792B73F1D9004006B7 /* PBXTargetDependency */,
			);
			name = pokedexSwiftUITests;
			productName = pokedexSwiftUITests;
			productReference = 88256A772B73F1D9004006B7 /* pokedexSwiftUITests.xctest */;
			productType = "com.apple.product-type.bundle.ui-testing";
		};
/* End PBXNativeTarget section */

/* Begin PBXProject section */
		88256A552B73F1D4004006B7 /* Project object */ = {
			isa = PBXProject;
			attributes = {
				BuildIndependentTargetsInParallel = 1;
				LastSwiftUpdateCheck = 1520;
				LastUpgradeCheck = 1520;
				TargetAttributes = {
					88256A5C2B73F1D4004006B7 = {
						CreatedOnToolsVersion = 15.2;
					};
					88256A6C2B73F1D9004006B7 = {
						CreatedOnToolsVersion = 15.2;
						TestTargetID = 88256A5C2B73F1D4004006B7;
					};
					88256A762B73F1D9004006B7 = {
						CreatedOnToolsVersion = 15.2;
						TestTargetID = 88256A5C2B73F1D4004006B7;
					};
				};
			};
			buildConfigurationList = 88256A582B73F1D4004006B7 /* Build configuration list for PBXProject "pokedexSwift" */;
			compatibilityVersion = "Xcode 14.0";
			developmentRegion = en;
			hasScannedForEncodings = 0;
			knownRegions = (
				en,
				Base,
			);
			mainGroup = 88256A542B73F1D4004006B7;
			productRefGroup = 88256A5E2B73F1D4004006B7 /* Products */;
			projectDirPath = "";
			projectRoot = "";
			targets = (
				88256A5C2B73F1D4004006B7 /* pokedexSwift */,
				88256A6C2B73F1D9004006B7 /* pokedexSwiftTests */,
				88256A762B73F1D9004006B7 /* pokedexSwiftUITests */,
			);
		};
/* End PBXProject section */

/* Begin PBXResourcesBuildPhase section */
		88256A5B2B73F1D4004006B7 /* Resources */ = {
			isa = PBXResourcesBuildPhase;
			buildActionMask = 2147483647;
			files = (
				88256A682B73F1D8004006B7 /* Preview Assets.xcassets in Resources */,
				88256A652B73F1D8004006B7 /* Assets.xcassets in Resources */,
			);
			runOnlyForDeploymentPostprocessing = 0;
		};
		88256A6B2B73F1D9004006B7 /* Resources */ = {
			isa = PBXResourcesBuildPhase;
			buildActionMask = 2147483647;
			files = (
			);
			runOnlyForDeploymentPostprocessing = 0;
		};
		88256A752B73F1D9004006B7 /* Resources */ = {
			isa = PBXResourcesBuildPhase;
			buildActionMask = 2147483647;
			files = (
			);
			runOnlyForDeploymentPostprocessing = 0;
		};
/* End PBXResourcesBuildPhase section */

/* Begin PBXSourcesBuildPhase section */
		88256A592B73F1D4004006B7 /* Sources */ = {
			isa = PBXSourcesBuildPhase;
			buildActionMask = 2147483647;
			files = (
				88256A632B73F1D4004006B7 /* ContentView.swift in Sources */,
				88256A612B73F1D4004006B7 /* pokedexSwiftApp.swift in Sources */,
			);
			runOnlyForDeploymentPostprocessing = 0;
		};
		88256A692B73F1D9004006B7 /* Sources */ = {
			isa = PBXSourcesBuildPhase;
			buildActionMask = 2147483647;
			files = (
				88256A722B73F1D9004006B7 /* pokedexSwiftTests.swift in Sources */,
			);
			runOnlyForDeploymentPostprocessing = 0;
		};
		88256A732B73F1D9004006B7 /* Sources */ = {
			isa = PBXSourcesBuildPhase;
			buildActionMask = 2147483647;
			files = (
				88256A7C2B73F1D9004006B7 /* pokedexSwiftUITests.swift in Sources */,
				88256A7E2B73F1D9004006B7 /* pokedexSwiftUITestsLaunchTests.swift in Sources */,
			);
			runOnlyForDeploymentPostprocessing = 0;
		};
/* End PBXSourcesBuildPhase section */

/* Begin PBXTargetDependency section */
		88256A6F2B73F1D9004006B7 /* PBXTargetDependency */ = {
			isa = PBXTargetDependency;
			target = 88256A5C2B73F1D4004006B7 /* pokedexSwift */;
			targetProxy = 88256A6E2B73F1D9004006B7 /* PBXContainerItemProxy */;
		};
		88256A792B73F1D9004006B7 /* PBXTargetDependency */ = {
			isa = PBXTargetDependency;
			target = 88256A5C2B73F1D4004006B7 /* pokedexSwift */;
			targetProxy = 88256A782B73F1D9004006B7 /* PBXContainerItemProxy */;
		};
/* End PBXTargetDependency section */

/* Begin XCBuildConfiguration section */
		88256A7F2B73F1D9004006B7 /* Debug */ = {
			isa = XCBuildConfiguration;
			buildSettings = {
				ALWAYS_SEARCH_USER_PATHS = NO;
				ASSETCATALOG_COMPILER_GENERATE_SWIFT_ASSET_SYMBOL_EXTENSIONS = YES;
				CLANG_ANALYZER_NONNULL = YES;
				CLANG_ANALYZER_NUMBER_OBJECT_CONVERSION = YES_AGGRESSIVE;
				CLANG_CXX_LANGUAGE_STANDARD = "gnu++20";
				CLANG_ENABLE_MODULES = YES;
				CLANG_ENABLE_OBJC_ARC = YES;
				CLANG_ENABLE_OBJC_WEAK = YES;
				CLANG_WARN_BLOCK_CAPTURE_AUTORELEASING = YES;
				CLANG_WARN_BOOL_CONVERSION = YES;
				CLANG_WARN_COMMA = YES;
				CLANG_WARN_CONSTANT_CONVERSION = YES;
				CLANG_WARN_DEPRECATED_OBJC_IMPLEMENTATIONS = YES;
				CLANG_WARN_DIRECT_OBJC_ISA_USAGE = YES_ERROR;
				CLANG_WARN_DOCUMENTATION_COMMENTS = YES;
				CLANG_WARN_EMPTY_BODY = YES;
				CLANG_WARN_ENUM_CONVERSION = YES;
				CLANG_WARN_INFINITE_RECURSION = YES;
				CLANG_WARN_INT_CONVERSION = YES;
				CLANG_WARN_NON_LITERAL_NULL_CONVERSION = YES;
				CLANG_WARN_OBJC_IMPLICIT_RETAIN_SELF = YES;
				CLANG_WARN_OBJC_LITERAL_CONVERSION = YES;
				CLANG_WARN_OBJC_ROOT_CLASS = YES_ERROR;
				CLANG_WARN_QUOTED_INCLUDE_IN_FRAMEWORK_HEADER = YES;
				CLANG_WARN_RANGE_LOOP_ANALYSIS = YES;
				CLANG_WARN_STRICT_PROTOTYPES = YES;
				CLANG_WARN_SUSPICIOUS_MOVE = YES;
				CLANG_WARN_UNGUARDED_AVAILABILITY = YES_AGGRESSIVE;
				CLANG_WARN_UNREACHABLE_CODE = YES;
				CLANG_WARN__DUPLICATE_METHOD_MATCH = YES;
				COPY_PHASE_STRIP = NO;
				DEBUG_INFORMATION_FORMAT = dwarf;
				ENABLE_STRICT_OBJC_MSGSEND = YES;
				ENABLE_TESTABILITY = YES;
				ENABLE_USER_SCRIPT_SANDBOXING = YES;
				GCC_C_LANGUAGE_STANDARD = gnu17;
				GCC_DYNAMIC_NO_PIC = NO;
				GCC_NO_COMMON_BLOCKS = YES;
				GCC_OPTIMIZATION_LEVEL = 0;
				GCC_PREPROCESSOR_DEFINITIONS = (
					"DEBUG=1",
					"$(inherited)",
				);
				GCC_WARN_64_TO_32_BIT_CONVERSION = YES;
				GCC_WARN_ABOUT_RETURN_TYPE = YES_ERROR;
				GCC_WARN_UNDECLARED_SELECTOR = YES;
				GCC_WARN_UNINITIALIZED_AUTOS = YES_AGGRESSIVE;
				GCC_WARN_UNUSED_FUNCTION = YES;
				GCC_WARN_UNUSED_VARIABLE = YES;
				IPHONEOS_DEPLOYMENT_TARGET = 17.2;
				LOCALIZATION_PREFERS_STRING_CATALOGS = YES;
				MTL_ENABLE_DEBUG_INFO = INCLUDE_SOURCE;
				MTL_FAST_MATH = YES;
				ONLY_ACTIVE_ARCH = YES;
				SDKROOT = iphoneos;
				SWIFT_ACTIVE_COMPILATION_CONDITIONS = "DEBUG $(inherited)";
				SWIFT_OPTIMIZATION_LEVEL = "-Onone";
			};
			name = Debug;
		};
		88256A802B73F1D9004006B7 /* Release */ = {
			isa = XCBuildConfiguration;
			buildSettings = {
				ALWAYS_SEARCH_USER_PATHS = NO;
				ASSETCATALOG_COMPILER_GENERATE_SWIFT_ASSET_SYMBOL_EXTENSIONS = YES;
				CLANG_ANALYZER_NONNULL = YES;
				CLANG_ANALYZER_NUMBER_OBJECT_CONVERSION = YES_AGGRESSIVE;
				CLANG_CXX_LANGUAGE_STANDARD = "gnu++20";
				CLANG_ENABLE_MODULES = YES;
				CLANG_ENABLE_OBJC_ARC = YES;
				CLANG_ENABLE_OBJC_WEAK = YES;
				CLANG_WARN_BLOCK_CAPTURE_AUTORELEASING = YES;
				CLANG_WARN_BOOL_CONVERSION = YES;
				CLANG_WARN_COMMA = YES;
				CLANG_WARN_CONSTANT_CONVERSION = YES;
				CLANG_WARN_DEPRECATED_OBJC_IMPLEMENTATIONS = YES;
				CLANG_WARN_DIRECT_OBJC_ISA_USAGE = YES_ERROR;
				CLANG_WARN_DOCUMENTATION_COMMENTS = YES;
				CLANG_WARN_EMPTY_BODY = YES;
				CLANG_WARN_ENUM_CONVERSION = YES;
				CLANG_WARN_INFINITE_RECURSION = YES;
				CLANG_WARN_INT_CONVERSION = YES;
				CLANG_WARN_NON_LITERAL_NULL_CONVERSION = YES;
				CLANG_WARN_OBJC_IMPLICIT_RETAIN_SELF = YES;
				CLANG_WARN_OBJC_LITERAL_CONVERSION = YES;
				CLANG_WARN_OBJC_ROOT_CLASS = YES_ERROR;
				CLANG_WARN_QUOTED_INCLUDE_IN_FRAMEWORK_HEADER = YES;
				CLANG_WARN_RANGE_LOOP_ANALYSIS = YES;
				CLANG_WARN_STRICT_PROTOTYPES = YES;
				CLANG_WARN_SUSPICIOUS_MOVE = YES;
				CLANG_WARN_UNGUARDED_AVAILABILITY = YES_AGGRESSIVE;
				CLANG_WARN_UNREACHABLE_CODE = YES;
				CLANG_WARN__DUPLICATE_METHOD_MATCH = YES;
				COPY_PHASE_STRIP = NO;
				DEBUG_INFORMATION_FORMAT = "dwarf-with-dsym";
				ENABLE_NS_ASSERTIONS = NO;
				ENABLE_STRICT_OBJC_MSGSEND = YES;
				ENABLE_USER_SCRIPT_SANDBOXING = YES;
				GCC_C_LANGUAGE_STANDARD = gnu17;
				GCC_NO_COMMON_BLOCKS = YES;
				GCC_WARN_64_TO_32_BIT_CONVERSION = YES;
				GCC_WARN_ABOUT_RETURN_TYPE = YES_ERROR;
				GCC_WARN_UNDECLARED_SELECTOR = YES;
				GCC_WARN_UNINITIALIZED_AUTOS = YES_AGGRESSIVE;
				GCC_WARN_UNUSED_FUNCTION = YES;
				GCC_WARN_UNUSED_VARIABLE = YES;
				IPHONEOS_DEPLOYMENT_TARGET = 17.2;
				LOCALIZATION_PREFERS_STRING_CATALOGS = YES;
				MTL_ENABLE_DEBUG_INFO = NO;
				MTL_FAST_MATH = YES;
				SDKROOT = iphoneos;
				SWIFT_COMPILATION_MODE = wholemodule;
				VALIDATE_PRODUCT = YES;
			};
			name = Release;
		};
		88256A822B73F1D9004006B7 /* Debug */ = {
			isa = XCBuildConfiguration;
			buildSettings = {
				ASSETCATALOG_COMPILER_APPICON_NAME = AppIcon;
				ASSETCATALOG_COMPILER_GLOBAL_ACCENT_COLOR_NAME = AccentColor;
				CODE_SIGN_STYLE = Automatic;
				CURRENT_PROJECT_VERSION = 1;
				DEVELOPMENT_ASSET_PATHS = "\"pokedexSwift/Preview Content\"";
				DEVELOPMENT_TEAM = VK7PF2S4J4;
				ENABLE_PREVIEWS = YES;
				GENERATE_INFOPLIST_FILE = YES;
				INFOPLIST_KEY_UIApplicationSceneManifest_Generation = YES;
				INFOPLIST_KEY_UIApplicationSupportsIndirectInputEvents = YES;
				INFOPLIST_KEY_UILaunchScreen_Generation = YES;
				INFOPLIST_KEY_UISupportedInterfaceOrientations_iPad = "UIInterfaceOrientationPortrait UIInterfaceOrientationPortraitUpsideDown UIInterfaceOrientationLandscapeLeft UIInterfaceOrientationLandscapeRight";
				INFOPLIST_KEY_UISupportedInterfaceOrientations_iPhone = "UIInterfaceOrientationPortrait UIInterfaceOrientationLandscapeLeft UIInterfaceOrientationLandscapeRight";
				LD_RUNPATH_SEARCH_PATHS = (
					"$(inherited)",
					"@executable_path/Frameworks",
				);
				MARKETING_VERSION = 1.0;
				PRODUCT_BUNDLE_IDENTIFIER = com.hrestrepo.pokedexSwift;
				PRODUCT_NAME = "$(TARGET_NAME)";
				SWIFT_EMIT_LOC_STRINGS = YES;
				SWIFT_VERSION = 5.0;
				TARGETED_DEVICE_FAMILY = "1,2";
			};
			name = Debug;
		};
		88256A832B73F1D9004006B7 /* Release */ = {
			isa = XCBuildConfiguration;
			buildSettings = {
				ASSETCATALOG_COMPILER_APPICON_NAME = AppIcon;
				ASSETCATALOG_COMPILER_GLOBAL_ACCENT_COLOR_NAME = AccentColor;
				CODE_SIGN_STYLE = Automatic;
				CURRENT_PROJECT_VERSION = 1;
				DEVELOPMENT_ASSET_PATHS = "\"pokedexSwift/Preview Content\"";
				DEVELOPMENT_TEAM = VK7PF2S4J4;
				ENABLE_PREVIEWS = YES;
				GENERATE_INFOPLIST_FILE = YES;
				INFOPLIST_KEY_UIApplicationSceneManifest_Generation = YES;
				INFOPLIST_KEY_UIApplicationSupportsIndirectInputEvents = YES;
				INFOPLIST_KEY_UILaunchScreen_Generation = YES;
				INFOPLIST_KEY_UISupportedInterfaceOrientations_iPad = "UIInterfaceOrientationPortrait UIInterfaceOrientationPortraitUpsideDown UIInterfaceOrientationLandscapeLeft UIInterfaceOrientationLandscapeRight";
				INFOPLIST_KEY_UISupportedInterfaceOrientations_iPhone = "UIInterfaceOrientationPortrait UIInterfaceOrientationLandscapeLeft UIInterfaceOrientationLandscapeRight";
				LD_RUNPATH_SEARCH_PATHS = (
					"$(inherited)",
					"@executable_path/Frameworks",
				);
				MARKETING_VERSION = 1.0;
				PRODUCT_BUNDLE_IDENTIFIER = com.hrestrepo.pokedexSwift;
				PRODUCT_NAME = "$(TARGET_NAME)";
				SWIFT_EMIT_LOC_STRINGS = YES;
				SWIFT_VERSION = 5.0;
				TARGETED_DEVICE_FAMILY = "1,2";
			};
			name = Release;
		};
		88256A852B73F1D9004006B7 /* Debug */ = {
			isa = XCBuildConfiguration;
			buildSettings = {
				ALWAYS_EMBED_SWIFT_STANDARD_LIBRARIES = YES;
				BUNDLE_LOADER = "$(TEST_HOST)";
				CODE_SIGN_STYLE = Automatic;
				CURRENT_PROJECT_VERSION = 1;
				DEVELOPMENT_TEAM = VK7PF2S4J4;
				GENERATE_INFOPLIST_FILE = YES;
				IPHONEOS_DEPLOYMENT_TARGET = 17.2;
				MARKETING_VERSION = 1.0;
				PRODUCT_BUNDLE_IDENTIFIER = com.hrestrepo.pokedexSwiftTests;
				PRODUCT_NAME = "$(TARGET_NAME)";
				SWIFT_EMIT_LOC_STRINGS = NO;
				SWIFT_VERSION = 5.0;
				TARGETED_DEVICE_FAMILY = "1,2";
				TEST_HOST = "$(BUILT_PRODUCTS_DIR)/pokedexSwift.app/$(BUNDLE_EXECUTABLE_FOLDER_PATH)/pokedexSwift";
			};
			name = Debug;
		};
		88256A862B73F1D9004006B7 /* Release */ = {
			isa = XCBuildConfiguration;
			buildSettings = {
				ALWAYS_EMBED_SWIFT_STANDARD_LIBRARIES = YES;
				BUNDLE_LOADER = "$(TEST_HOST)";
				CODE_SIGN_STYLE = Automatic;
				CURRENT_PROJECT_VERSION = 1;
				DEVELOPMENT_TEAM = VK7PF2S4J4;
				GENERATE_INFOPLIST_FILE = YES;
				IPHONEOS_DEPLOYMENT_TARGET = 17.2;
				MARKETING_VERSION = 1.0;
				PRODUCT_BUNDLE_IDENTIFIER = com.hrestrepo.pokedexSwiftTests;
				PRODUCT_NAME = "$(TARGET_NAME)";
				SWIFT_EMIT_LOC_STRINGS = NO;
				SWIFT_VERSION = 5.0;
				TARGETED_DEVICE_FAMILY = "1,2";
				TEST_HOST = "$(BUILT_PRODUCTS_DIR)/pokedexSwift.app/$(BUNDLE_EXECUTABLE_FOLDER_PATH)/pokedexSwift";
			};
			name = Release;
		};
		88256A882B73F1D9004006B7 /* Debug */ = {
			isa = XCBuildConfiguration;
			buildSettings = {
				ALWAYS_EMBED_SWIFT_STANDARD_LIBRARIES = YES;
				CODE_SIGN_STYLE = Automatic;
				CURRENT_PROJECT_VERSION = 1;
				DEVELOPMENT_TEAM = VK7PF2S4J4;
				GENERATE_INFOPLIST_FILE = YES;
				MARKETING_VERSION = 1.0;
				PRODUCT_BUNDLE_IDENTIFIER = com.hrestrepo.pokedexSwiftUITests;
				PRODUCT_NAME = "$(TARGET_NAME)";
				SWIFT_EMIT_LOC_STRINGS = NO;
				SWIFT_VERSION = 5.0;
				TARGETED_DEVICE_FAMILY = "1,2";
				TEST_TARGET_NAME = pokedexSwift;
			};
			name = Debug;
		};
		88256A892B73F1D9004006B7 /* Release */ = {
			isa = XCBuildConfiguration;
			buildSettings = {
				ALWAYS_EMBED_SWIFT_STANDARD_LIBRARIES = YES;
				CODE_SIGN_STYLE = Automatic;
				CURRENT_PROJECT_VERSION = 1;
				DEVELOPMENT_TEAM = VK7PF2S4J4;
				GENERATE_INFOPLIST_FILE = YES;
				MARKETING_VERSION = 1.0;
				PRODUCT_BUNDLE_IDENTIFIER = com.hrestrepo.pokedexSwiftUITests;
				PRODUCT_NAME = "$(TARGET_NAME)";
				SWIFT_EMIT_LOC_STRINGS = NO;
				SWIFT_VERSION = 5.0;
				TARGETED_DEVICE_FAMILY = "1,2";
				TEST_TARGET_NAME = pokedexSwift;
			};
			name = Release;
		};
/* End XCBuildConfiguration section */

/* Begin XCConfigurationList section */
		88256A582B73F1D4004006B7 /* Build configuration list for PBXProject "pokedexSwift" */ = {
			isa = XCConfigurationList;
			buildConfigurations = (
				88256A7F2B73F1D9004006B7 /* Debug */,
				88256A802B73F1D9004006B7 /* Release */,
			);
			defaultConfigurationIsVisible = 0;
			defaultConfigurationName = Release;
		};
		88256A812B73F1D9004006B7 /* Build configuration list for PBXNativeTarget "pokedexSwift" */ = {
			isa = XCConfigurationList;
			buildConfigurations = (
				88256A822B73F1D9004006B7 /* Debug */,
				88256A832B73F1D9004006B7 /* Release */,
			);
			defaultConfigurationIsVisible = 0;
			defaultConfigurationName = Release;
		};
		88256A842B73F1D9004006B7 /* Build configuration list for PBXNativeTarget "pokedexSwiftTests" */ = {
			isa = XCConfigurationList;
			buildConfigurations = (
				88256A852B73F1D9004006B7 /* Debug */,
				88256A862B73F1D9004006B7 /* Release */,
			);
			defaultConfigurationIsVisible = 0;
			defaultConfigurationName = Release;
		};
		88256A872B73F1D9004006B7 /* Build configuration list for PBXNativeTarget "pokedexSwiftUITests" */ = {
			isa = XCConfigurationList;
			buildConfigurations = (
				88256A882B73F1D9004006B7 /* Debug */,
				88256A892B73F1D9004006B7 /* Release */,
			);
			defaultConfigurationIsVisible = 0;
			defaultConfigurationName = Release;
		};
/* End XCConfigurationList section */
	};
	rootObject = 88256A552B73F1D4004006B7 /* Project object */;
}
